// !$*UTF8*$!
{
	archiveVersion = 1;
	classes = {
	};
	objectVersion = 46;
	objects = {

/* Begin PBXBuildFile section */
		CD3C58A91EB989AF008525DA /* AppDelegate.swift in Sources */ = {isa = PBXBuildFile; fileRef = CD3C58A81EB989AF008525DA /* AppDelegate.swift */; };
		CD3C58AB1EB989AF008525DA /* ViewController.swift in Sources */ = {isa = PBXBuildFile; fileRef = CD3C58AA1EB989AF008525DA /* ViewController.swift */; };
		CD3C58AE1EB989AF008525DA /* Main.storyboard in Resources */ = {isa = PBXBuildFile; fileRef = CD3C58AC1EB989AF008525DA /* Main.storyboard */; };
		CD3C58B01EB989AF008525DA /* Assets.xcassets in Resources */ = {isa = PBXBuildFile; fileRef = CD3C58AF1EB989AF008525DA /* Assets.xcassets */; };
		CD3C58B31EB989AF008525DA /* LaunchScreen.storyboard in Resources */ = {isa = PBXBuildFile; fileRef = CD3C58B11EB989AF008525DA /* LaunchScreen.storyboard */; };
		CD3C58BB1EB989C4008525DA /* SHSplishView.swift in Sources */ = {isa = PBXBuildFile; fileRef = CD3C58BA1EB989C4008525DA /* SHSplishView.swift */; };
/* End PBXBuildFile section */

/* Begin PBXFileReference section */
		CD3C58A51EB989AF008525DA /* SHSplishViewSwift.app */ = {isa = PBXFileReference; explicitFileType = wrapper.application; includeInIndex = 0; path = SHSplishViewSwift.app; sourceTree = BUILT_PRODUCTS_DIR; };
		CD3C58A81EB989AF008525DA /* AppDelegate.swift */ = {isa = PBXFileReference; lastKnownFileType = sourcecode.swift; path = AppDelegate.swift; sourceTree = "<group>"; };
		CD3C58AA1EB989AF008525DA /* ViewController.swift */ = {isa = PBXFileReference; lastKnownFileType = sourcecode.swift; path = ViewController.swift; sourceTree = "<group>"; };
		CD3C58AD1EB989AF008525DA /* Base */ = {isa = PBXFileReference; lastKnownFileType = file.storyboard; name = Base; path = Base.lproj/Main.storyboard; sourceTree = "<group>"; };
		CD3C58AF1EB989AF008525DA /* Assets.xcassets */ = {isa = PBXFileReference; lastKnownFileType = folder.assetcatalog; path = Assets.xcassets; sourceTree = "<group>"; };
		CD3C58B21EB989AF008525DA /* Base */ = {isa = PBXFileReference; lastKnownFileType = file.storyboard; name = Base; path = Base.lproj/LaunchScreen.storyboard; sourceTree = "<group>"; };
		CD3C58B41EB989AF008525DA /* Info.plist */ = {isa = PBXFileReference; lastKnownFileType = text.plist.xml; path = Info.plist; sourceTree = "<group>"; };
		CD3C58BA1EB989C4008525DA /* SHSplishView.swift */ = {isa = PBXFileReference; fileEncoding = 4; lastKnownFileType = sourcecode.swift; path = SHSplishView.swift; sourceTree = "<group>"; };
/* End PBXFileReference section */

/* Begin PBXFrameworksBuildPhase section */
		CD3C58A21EB989AF008525DA /* Frameworks */ = {
			isa = PBXFrameworksBuildPhase;
			buildActionMask = 2147483647;
			files = (
			);
			runOnlyForDeploymentPostprocessing = 0;
		};
/* End PBXFrameworksBuildPhase section */

/* Begin PBXGroup section */
		CD3C589C1EB989AF008525DA = {
			isa = PBXGroup;
			children = (
				CD3C58A71EB989AF008525DA /* SHSplishViewSwift */,
				CD3C58A61EB989AF008525DA /* Products */,
			);
			sourceTree = "<group>";
		};
		CD3C58A61EB989AF008525DA /* Products */ = {
			isa = PBXGroup;
			children = (
				CD3C58A51EB989AF008525DA /* SHSplishViewSwift.app */,
			);
			name = Products;
			sourceTree = "<group>";
		};
		CD3C58A71EB989AF008525DA /* SHSplishViewSwift */ = {
			isa = PBXGroup;
			children = (
				CD3C58A81EB989AF008525DA /* AppDelegate.swift */,
				CD3C58AA1EB989AF008525DA /* ViewController.swift */,
				CD3C58BA1EB989C4008525DA /* SHSplishView.swift */,
				CD3C58AC1EB989AF008525DA /* Main.storyboard */,
				CD3C58AF1EB989AF008525DA /* Assets.xcassets */,
				CD3C58B11EB989AF008525DA /* LaunchScreen.storyboard */,
				CD3C58B41EB989AF008525DA /* Info.plist */,
			);
			path = SHSplishViewSwift;
			sourceTree = "<group>";
		};
/* End PBXGroup section */

/* Begin PBXNativeTarget section */
		CD3C58A41EB989AF008525DA /* SHSplishViewSwift */ = {
			isa = PBXNativeTarget;
			buildConfigurationList = CD3C58B71EB989AF008525DA /* Build configuration list for PBXNativeTarget "SHSplishViewSwift" */;
			buildPhases = (
				CD3C58A11EB989AF008525DA /* Sources */,
				CD3C58A21EB989AF008525DA /* Frameworks */,
				CD3C58A31EB989AF008525DA /* Resources */,
			);
			buildRules = (
			);
			dependencies = (
			);
			name = SHSplishViewSwift;
			productName = SHSplishViewSwift;
			productReference = CD3C58A51EB989AF008525DA /* SHSplishViewSwift.app */;
			productType = "com.apple.product-type.application";
		};
/* End PBXNativeTarget section */

/* Begin PBXProject section */
		CD3C589D1EB989AF008525DA /* Project object */ = {
			isa = PBXProject;
			attributes = {
				LastSwiftUpdateCheck = 0830;
				LastUpgradeCheck = 0830;
				ORGANIZATIONNAME = lsh;
				TargetAttributes = {
					CD3C58A41EB989AF008525DA = {
						CreatedOnToolsVersion = 8.3.1;
						DevelopmentTeam = L2LYHXGC7E;
						ProvisioningStyle = Automatic;
					};
				};
			};
			buildConfigurationList = CD3C58A01EB989AF008525DA /* Build configuration list for PBXProject "SHSplishViewSwift" */;
			compatibilityVersion = "Xcode 3.2";
			developmentRegion = English;
			hasScannedForEncodings = 0;
			knownRegions = (
				en,
				Base,
			);
			mainGroup = CD3C589C1EB989AF008525DA;
			productRefGroup = CD3C58A61EB989AF008525DA /* Products */;
			projectDirPath = "";
			projectRoot = "";
			targets = (
				CD3C58A41EB989AF008525DA /* SHSplishViewSwift */,
			);
		};
/* End PBXProject section */

/* Begin PBXResourcesBuildPhase section */
		CD3C58A31EB989AF008525DA /* Resources */ = {
			isa = PBXResourcesBuildPhase;
			buildActionMask = 2147483647;
			files = (
				CD3C58B31EB989AF008525DA /* LaunchScreen.storyboard in Resources */,
				CD3C58B01EB989AF008525DA /* Assets.xcassets in Resources */,
				CD3C58AE1EB989AF008525DA /* Main.storyboard in Resources */,
			);
			runOnlyForDeploymentPostprocessing = 0;
		};
/* End PBXResourcesBuildPhase section */

/* Begin PBXSourcesBuildPhase section */
		CD3C58A11EB989AF008525DA /* Sources */ = {
			isa = PBXSourcesBuildPhase;
			buildActionMask = 2147483647;
			files = (
				CD3C58BB1EB989C4008525DA /* SHSplishView.swift in Sources */,
				CD3C58AB1EB989AF008525DA /* ViewController.swift in Sources */,
				CD3C58A91EB989AF008525DA /* AppDelegate.swift in Sources */,
			);
			runOnlyForDeploymentPostprocessing = 0;
		};
/* End PBXSourcesBuildPhase section */

/* Begin PBXVariantGroup section */
		CD3C58AC1EB989AF008525DA /* Main.storyboard */ = {
			isa = PBXVariantGroup;
			children = (
				CD3C58AD1EB989AF008525DA /* Base */,
			);
			name = Main.storyboard;
			sourceTree = "<group>";
		};
		CD3C58B11EB989AF008525DA /* LaunchScreen.storyboard */ = {
			isa = PBXVariantGroup;
			children = (
				CD3C58B21EB989AF008525DA /* Base */,
			);
			name = LaunchScreen.storyboard;
			sourceTree = "<group>";
		};
/* End PBXVariantGroup section */

/* Begin XCBuildConfiguration section */
		CD3C58B51EB989AF008525DA /* Debug */ = {
			isa = XCBuildConfiguration;
			buildSettings = {
				ALWAYS_SEARCH_USER_PATHS = NO;
				CLANG_ANALYZER_NONNULL = YES;
				CLANG_ANALYZER_NUMBER_OBJECT_CONVERSION = YES_AGGRESSIVE;
				CLANG_CXX_LANGUAGE_STANDARD = "gnu++0x";
				CLANG_CXX_LIBRARY = "libc++";
				CLANG_ENABLE_MODULES = YES;
				CLANG_ENABLE_OBJC_ARC = YES;
				CLANG_WARN_BOOL_CONVERSION = YES;
				CLANG_WARN_CONSTANT_CONVERSION = YES;
				CLANG_WARN_DIRECT_OBJC_ISA_USAGE = YES_ERROR;
				CLANG_WARN_DOCUMENTATION_COMMENTS = YES;
				CLANG_WARN_EMPTY_BODY = YES;
				CLANG_WARN_ENUM_CONVERSION = YES;
				CLANG_WARN_INFINITE_RECURSION = YES;
				CLANG_WARN_INT_CONVERSION = YES;
				CLANG_WARN_OBJC_ROOT_CLASS = YES_ERROR;
				CLANG_WARN_SUSPICIOUS_MOVE = YES;
				CLANG_WARN_UNREACHABLE_CODE = YES;
				CLANG_WARN__DUPLICATE_METHOD_MATCH = YES;
				"CODE_SIGN_IDENTITY[sdk=iphoneos*]" = "iPhone Developer";
				COPY_PHASE_STRIP = NO;
				DEBUG_INFORMATION_FORMAT = dwarf;
				ENABLE_STRICT_OBJC_MSGSEND = YES;
				ENABLE_TESTABILITY = YES;
				GCC_C_LANGUAGE_STANDARD = gnu99;
				GCC_DYNAMIC_NO_PIC = NO;
				GCC_NO_COMMON_BLOCKS = YES;
				GCC_OPTIMIZATION_LEVEL = 0;
				GCC_PREPROCESSOR_DEFINITIONS = (
					"DEBUG=1",
					"$(inherited)",
				);
				GCC_WARN_64_TO_32_BIT_CONVERSION = YES;
				GCC_WARN_ABOUT_RETURN_TYPE = YES_ERROR;
				GCC_WARN_UNDECLARED_SELECTOR = YES;
				GCC_WARN_UNINITIALIZED_AUTOS = YES_AGGRESSIVE;
				GCC_WARN_UNUSED_FUNCTION = YES;
				GCC_WARN_UNUSED_VARIABLE = YES;
				IPHONEOS_DEPLOYMENT_TARGET = 10.3;
				MTL_ENABLE_DEBUG_INFO = YES;
				ONLY_ACTIVE_ARCH = YES;
				SDKROOT = iphoneos;
				SWIFT_ACTIVE_COMPILATION_CONDITIONS = DEBUG;
				SWIFT_OPTIMIZATION_LEVEL = "-Onone";
				TARGETED_DEVICE_FAMILY = "1,2";
			};
			name = Debug;
		};
		CD3C58B61EB989AF008525DA /* Release */ = {
			isa = XCBuildConfiguration;
			buildSettings = {
				ALWAYS_SEARCH_USER_PATHS = NO;
				CLANG_ANALYZER_NONNULL = YES;
				CLANG_ANALYZER_NUMBER_OBJECT_CONVERSION = YES_AGGRESSIVE;
				CLANG_CXX_LANGUAGE_STANDARD = "gnu++0x";
				CLANG_CXX_LIBRARY = "libc++";
				CLANG_ENABLE_MODULES = YES;
				CLANG_ENABLE_OBJC_ARC = YES;
				CLANG_WARN_BOOL_CONVERSION = YES;
				CLANG_WARN_CONSTANT_CONVERSION = YES;
				CLANG_WARN_DIRECT_OBJC_ISA_USAGE = YES_ERROR;
				CLANG_WARN_DOCUMENTATION_COMMENTS = YES;
				CLANG_WARN_EMPTY_BODY = YES;
				CLANG_WARN_ENUM_CONVERSION = YES;
				CLANG_WARN_INFINITE_RECURSION = YES;
				CLANG_WARN_INT_CONVERSION = YES;
				CLANG_WARN_OBJC_ROOT_CLASS = YES_ERROR;
				CLANG_WARN_SUSPICIOUS_MOVE = YES;
				CLANG_WARN_UNREACHABLE_CODE = YES;
				CLANG_WARN__DUPLICATE_METHOD_MATCH = YES;
				"CODE_SIGN_IDENTITY[sdk=iphoneos*]" = "iPhone Developer";
				COPY_PHASE_STRIP = NO;
				DEBUG_INFORMATION_FORMAT = "dwarf-with-dsym";
				ENABLE_NS_ASSERTIONS = NO;
				ENABLE_STRICT_OBJC_MSGSEND = YES;
				GCC_C_LANGUAGE_STANDARD = gnu99;
				GCC_NO_COMMON_BLOCKS = YES;
				GCC_WARN_64_TO_32_BIT_CONVERSION = YES;
				GCC_WARN_ABOUT_RETURN_TYPE = YES_ERROR;
				GCC_WARN_UNDECLARED_SELECTOR = YES;
				GCC_WARN_UNINITIALIZED_AUTOS = YES_AGGRESSIVE;
				GCC_WARN_UNUSED_FUNCTION = YES;
				GCC_WARN_UNUSED_VARIABLE = YES;
				IPHONEOS_DEPLOYMENT_TARGET = 10.3;
				MTL_ENABLE_DEBUG_INFO = NO;
				SDKROOT = iphoneos;
				SWIFT_OPTIMIZATION_LEVEL = "-Owholemodule";
				TARGETED_DEVICE_FAMILY = "1,2";
				VALIDATE_PRODUCT = YES;
			};
			name = Release;
		};
		CD3C58B81EB989AF008525DA /* Debug */ = {
			isa = XCBuildConfiguration;
			buildSettings = {
				ASSETCATALOG_COMPILER_APPICON_NAME = AppIcon;
				DEVELOPMENT_TEAM = L2LYHXGC7E;
				INFOPLIST_FILE = SHSplishViewSwift/Info.plist;
				IPHONEOS_DEPLOYMENT_TARGET = 8.0;
				LD_RUNPATH_SEARCH_PATHS = "$(inherited) @executable_path/Frameworks";
				PRODUCT_BUNDLE_IDENTIFIER = lsh.SHSplishViewSwift;
				PRODUCT_NAME = "$(TARGET_NAME)";
				SWIFT_VERSION = 3.0;
			};
			name = Debug;
		};
		CD3C58B91EB989AF008525DA /* Release */ = {
			isa = XCBuildConfiguration;
			buildSettings = {
				ASSETCATALOG_COMPILER_APPICON_NAME = AppIcon;
				DEVELOPMENT_TEAM = L2LYHXGC7E;
				INFOPLIST_FILE = SHSplishViewSwift/Info.plist;
				IPHONEOS_DEPLOYMENT_TARGET = 8.0;
				LD_RUNPATH_SEARCH_PATHS = "$(inherited) @executable_path/Frameworks";
				PRODUCT_BUNDLE_IDENTIFIER = lsh.SHSplishViewSwift;
				PRODUCT_NAME = "$(TARGET_NAME)";
				SWIFT_VERSION = 3.0;
			};
			name = Release;
		};
/* End XCBuildConfiguration section */

/* Begin XCConfigurationList section */
		CD3C58A01EB989AF008525DA /* Build configuration list for PBXProject "SHSplishViewSwift" */ = {
			isa = XCConfigurationList;
			buildConfigurations = (
				CD3C58B51EB989AF008525DA /* Debug */,
				CD3C58B61EB989AF008525DA /* Release */,
			);
			defaultConfigurationIsVisible = 0;
			defaultConfigurationName = Release;
		};
		CD3C58B71EB989AF008525DA /* Build configuration list for PBXNativeTarget "SHSplishViewSwift" */ = {
			isa = XCConfigurationList;
			buildConfigurations = (
				CD3C58B81EB989AF008525DA /* Debug */,
				CD3C58B91EB989AF008525DA /* Release */,
			);
			defaultConfigurationIsVisible = 0;
		};
/* End XCConfigurationList section */
	};
	rootObject = CD3C589D1EB989AF008525DA /* Project object */;
}
